// !$*UTF8*$!
{
	archiveVersion = 1;
	classes = {
	};
	objectVersion = 55;
	objects = {

/* Begin PBXBuildFile section */
		F2F3C8002840F89D0097043C /* AppDelegate.swift in Sources */ = {isa = PBXBuildFile; fileRef = F2F3C7FF2840F89D0097043C /* AppDelegate.swift */; };
		F2F3C8022840F89D0097043C /* SceneDelegate.swift in Sources */ = {isa = PBXBuildFile; fileRef = F2F3C8012840F89D0097043C /* SceneDelegate.swift */; };
		F2F3C8042840F89D0097043C /* ViewController.swift in Sources */ = {isa = PBXBuildFile; fileRef = F2F3C8032840F89D0097043C /* ViewController.swift */; };
		F2F3C8072840F89D0097043C /* Main.storyboard in Resources */ = {isa = PBXBuildFile; fileRef = F2F3C8052840F89D0097043C /* Main.storyboard */; };
		F2F3C80A2840F89D0097043C /* Act3Grupal.xcdatamodeld in Sources */ = {isa = PBXBuildFile; fileRef = F2F3C8082840F89D0097043C /* Act3Grupal.xcdatamodeld */; };
		F2F3C80C2840F8A00097043C /* Assets.xcassets in Resources */ = {isa = PBXBuildFile; fileRef = F2F3C80B2840F8A00097043C /* Assets.xcassets */; };
		F2F3C80F2840F8A00097043C /* LaunchScreen.storyboard in Resources */ = {isa = PBXBuildFile; fileRef = F2F3C80D2840F8A00097043C /* LaunchScreen.storyboard */; };
		F2F3C81A2840F8A00097043C /* Act3GrupalTests.swift in Sources */ = {isa = PBXBuildFile; fileRef = F2F3C8192840F8A00097043C /* Act3GrupalTests.swift */; };
		F2F3C8242840F8A00097043C /* Act3GrupalUITests.swift in Sources */ = {isa = PBXBuildFile; fileRef = F2F3C8232840F8A00097043C /* Act3GrupalUITests.swift */; };
		F2F3C8262840F8A00097043C /* Act3GrupalUITestsLaunchTests.swift in Sources */ = {isa = PBXBuildFile; fileRef = F2F3C8252840F8A00097043C /* Act3GrupalUITestsLaunchTests.swift */; };
/* End PBXBuildFile section */

/* Begin PBXContainerItemProxy section */
		F2F3C8162840F8A00097043C /* PBXContainerItemProxy */ = {
			isa = PBXContainerItemProxy;
			containerPortal = F2F3C7F42840F89D0097043C /* Project object */;
			proxyType = 1;
			remoteGlobalIDString = F2F3C7FB2840F89D0097043C;
			remoteInfo = Act3Grupal;
		};
		F2F3C8202840F8A00097043C /* PBXContainerItemProxy */ = {
			isa = PBXContainerItemProxy;
			containerPortal = F2F3C7F42840F89D0097043C /* Project object */;
			proxyType = 1;
			remoteGlobalIDString = F2F3C7FB2840F89D0097043C;
			remoteInfo = Act3Grupal;
		};
/* End PBXContainerItemProxy section */

/* Begin PBXFileReference section */
		F2F3C7FC2840F89D0097043C /* Act3Grupal.app */ = {isa = PBXFileReference; explicitFileType = wrapper.application; includeInIndex = 0; path = Act3Grupal.app; sourceTree = BUILT_PRODUCTS_DIR; };
		F2F3C7FF2840F89D0097043C /* AppDelegate.swift */ = {isa = PBXFileReference; lastKnownFileType = sourcecode.swift; path = AppDelegate.swift; sourceTree = "<group>"; };
		F2F3C8012840F89D0097043C /* SceneDelegate.swift */ = {isa = PBXFileReference; lastKnownFileType = sourcecode.swift; path = SceneDelegate.swift; sourceTree = "<group>"; };
		F2F3C8032840F89D0097043C /* ViewController.swift */ = {isa = PBXFileReference; lastKnownFileType = sourcecode.swift; path = ViewController.swift; sourceTree = "<group>"; };
		F2F3C8062840F89D0097043C /* Base */ = {isa = PBXFileReference; lastKnownFileType = file.storyboard; name = Base; path = Base.lproj/Main.storyboard; sourceTree = "<group>"; };
		F2F3C8092840F89D0097043C /* Act3Grupal.xcdatamodel */ = {isa = PBXFileReference; lastKnownFileType = wrapper.xcdatamodel; path = Act3Grupal.xcdatamodel; sourceTree = "<group>"; };
		F2F3C80B2840F8A00097043C /* Assets.xcassets */ = {isa = PBXFileReference; lastKnownFileType = folder.assetcatalog; path = Assets.xcassets; sourceTree = "<group>"; };
		F2F3C80E2840F8A00097043C /* Base */ = {isa = PBXFileReference; lastKnownFileType = file.storyboard; name = Base; path = Base.lproj/LaunchScreen.storyboard; sourceTree = "<group>"; };
		F2F3C8102840F8A00097043C /* Info.plist */ = {isa = PBXFileReference; lastKnownFileType = text.plist.xml; path = Info.plist; sourceTree = "<group>"; };
		F2F3C8152840F8A00097043C /* Act3GrupalTests.xctest */ = {isa = PBXFileReference; explicitFileType = wrapper.cfbundle; includeInIndex = 0; path = Act3GrupalTests.xctest; sourceTree = BUILT_PRODUCTS_DIR; };
		F2F3C8192840F8A00097043C /* Act3GrupalTests.swift */ = {isa = PBXFileReference; lastKnownFileType = sourcecode.swift; path = Act3GrupalTests.swift; sourceTree = "<group>"; };
		F2F3C81F2840F8A00097043C /* Act3GrupalUITests.xctest */ = {isa = PBXFileReference; explicitFileType = wrapper.cfbundle; includeInIndex = 0; path = Act3GrupalUITests.xctest; sourceTree = BUILT_PRODUCTS_DIR; };
		F2F3C8232840F8A00097043C /* Act3GrupalUITests.swift */ = {isa = PBXFileReference; lastKnownFileType = sourcecode.swift; path = Act3GrupalUITests.swift; sourceTree = "<group>"; };
		F2F3C8252840F8A00097043C /* Act3GrupalUITestsLaunchTests.swift */ = {isa = PBXFileReference; lastKnownFileType = sourcecode.swift; path = Act3GrupalUITestsLaunchTests.swift; sourceTree = "<group>"; };
/* End PBXFileReference section */

/* Begin PBXFrameworksBuildPhase section */
		F2F3C7F92840F89D0097043C /* Frameworks */ = {
			isa = PBXFrameworksBuildPhase;
			buildActionMask = 2147483647;
			files = (
			);
			runOnlyForDeploymentPostprocessing = 0;
		};
		F2F3C8122840F8A00097043C /* Frameworks */ = {
			isa = PBXFrameworksBuildPhase;
			buildActionMask = 2147483647;
			files = (
			);
			runOnlyForDeploymentPostprocessing = 0;
		};
		F2F3C81C2840F8A00097043C /* Frameworks */ = {
			isa = PBXFrameworksBuildPhase;
			buildActionMask = 2147483647;
			files = (
			);
			runOnlyForDeploymentPostprocessing = 0;
		};
/* End PBXFrameworksBuildPhase section */

/* Begin PBXGroup section */
		F2F3C7F32840F89D0097043C = {
			isa = PBXGroup;
			children = (
				F2F3C7FE2840F89D0097043C /* Act3Grupal */,
				F2F3C8182840F8A00097043C /* Act3GrupalTests */,
				F2F3C8222840F8A00097043C /* Act3GrupalUITests */,
				F2F3C7FD2840F89D0097043C /* Products */,
			);
			sourceTree = "<group>";
		};
		F2F3C7FD2840F89D0097043C /* Products */ = {
			isa = PBXGroup;
			children = (
				F2F3C7FC2840F89D0097043C /* Act3Grupal.app */,
				F2F3C8152840F8A00097043C /* Act3GrupalTests.xctest */,
				F2F3C81F2840F8A00097043C /* Act3GrupalUITests.xctest */,
			);
			name = Products;
			sourceTree = "<group>";
		};
		F2F3C7FE2840F89D0097043C /* Act3Grupal */ = {
			isa = PBXGroup;
			children = (
				F2F3C7FF2840F89D0097043C /* AppDelegate.swift */,
				F2F3C8012840F89D0097043C /* SceneDelegate.swift */,
				F2F3C8032840F89D0097043C /* ViewController.swift */,
				F2F3C8052840F89D0097043C /* Main.storyboard */,
				F2F3C80B2840F8A00097043C /* Assets.xcassets */,
				F2F3C80D2840F8A00097043C /* LaunchScreen.storyboard */,
				F2F3C8102840F8A00097043C /* Info.plist */,
				F2F3C8082840F89D0097043C /* Act3Grupal.xcdatamodeld */,
			);
			path = Act3Grupal;
			sourceTree = "<group>";
		};
		F2F3C8182840F8A00097043C /* Act3GrupalTests */ = {
			isa = PBXGroup;
			children = (
				F2F3C8192840F8A00097043C /* Act3GrupalTests.swift */,
			);
			path = Act3GrupalTests;
			sourceTree = "<group>";
		};
		F2F3C8222840F8A00097043C /* Act3GrupalUITests */ = {
			isa = PBXGroup;
			children = (
				F2F3C8232840F8A00097043C /* Act3GrupalUITests.swift */,
				F2F3C8252840F8A00097043C /* Act3GrupalUITestsLaunchTests.swift */,
			);
			path = Act3GrupalUITests;
			sourceTree = "<group>";
		};
/* End PBXGroup section */

/* Begin PBXNativeTarget section */
		F2F3C7FB2840F89D0097043C /* Act3Grupal */ = {
			isa = PBXNativeTarget;
			buildConfigurationList = F2F3C8292840F8A00097043C /* Build configuration list for PBXNativeTarget "Act3Grupal" */;
			buildPhases = (
				F2F3C7F82840F89D0097043C /* Sources */,
				F2F3C7F92840F89D0097043C /* Frameworks */,
				F2F3C7FA2840F89D0097043C /* Resources */,
			);
			buildRules = (
			);
			dependencies = (
			);
			name = Act3Grupal;
			productName = Act3Grupal;
			productReference = F2F3C7FC2840F89D0097043C /* Act3Grupal.app */;
			productType = "com.apple.product-type.application";
		};
		F2F3C8142840F8A00097043C /* Act3GrupalTests */ = {
			isa = PBXNativeTarget;
			buildConfigurationList = F2F3C82C2840F8A00097043C /* Build configuration list for PBXNativeTarget "Act3GrupalTests" */;
			buildPhases = (
				F2F3C8112840F8A00097043C /* Sources */,
				F2F3C8122840F8A00097043C /* Frameworks */,
				F2F3C8132840F8A00097043C /* Resources */,
			);
			buildRules = (
			);
			dependencies = (
				F2F3C8172840F8A00097043C /* PBXTargetDependency */,
			);
			name = Act3GrupalTests;
			productName = Act3GrupalTests;
			productReference = F2F3C8152840F8A00097043C /* Act3GrupalTests.xctest */;
			productType = "com.apple.product-type.bundle.unit-test";
		};
		F2F3C81E2840F8A00097043C /* Act3GrupalUITests */ = {
			isa = PBXNativeTarget;
			buildConfigurationList = F2F3C82F2840F8A00097043C /* Build configuration list for PBXNativeTarget "Act3GrupalUITests" */;
			buildPhases = (
				F2F3C81B2840F8A00097043C /* Sources */,
				F2F3C81C2840F8A00097043C /* Frameworks */,
				F2F3C81D2840F8A00097043C /* Resources */,
			);
			buildRules = (
			);
			dependencies = (
				F2F3C8212840F8A00097043C /* PBXTargetDependency */,
			);
			name = Act3GrupalUITests;
			productName = Act3GrupalUITests;
			productReference = F2F3C81F2840F8A00097043C /* Act3GrupalUITests.xctest */;
			productType = "com.apple.product-type.bundle.ui-testing";
		};
/* End PBXNativeTarget section */

/* Begin PBXProject section */
		F2F3C7F42840F89D0097043C /* Project object */ = {
			isa = PBXProject;
			attributes = {
				BuildIndependentTargetsInParallel = 1;
				LastSwiftUpdateCheck = 1330;
				LastUpgradeCheck = 1330;
				TargetAttributes = {
					F2F3C7FB2840F89D0097043C = {
						CreatedOnToolsVersion = 13.3;
					};
					F2F3C8142840F8A00097043C = {
						CreatedOnToolsVersion = 13.3;
						TestTargetID = F2F3C7FB2840F89D0097043C;
					};
					F2F3C81E2840F8A00097043C = {
						CreatedOnToolsVersion = 13.3;
						TestTargetID = F2F3C7FB2840F89D0097043C;
					};
				};
			};
			buildConfigurationList = F2F3C7F72840F89D0097043C /* Build configuration list for PBXProject "Act3Grupal" */;
			compatibilityVersion = "Xcode 13.0";
			developmentRegion = en;
			hasScannedForEncodings = 0;
			knownRegions = (
				en,
				Base,
			);
			mainGroup = F2F3C7F32840F89D0097043C;
			productRefGroup = F2F3C7FD2840F89D0097043C /* Products */;
			projectDirPath = "";
			projectRoot = "";
			targets = (
				F2F3C7FB2840F89D0097043C /* Act3Grupal */,
				F2F3C8142840F8A00097043C /* Act3GrupalTests */,
				F2F3C81E2840F8A00097043C /* Act3GrupalUITests */,
			);
		};
/* End PBXProject section */

/* Begin PBXResourcesBuildPhase section */
		F2F3C7FA2840F89D0097043C /* Resources */ = {
			isa = PBXResourcesBuildPhase;
			buildActionMask = 2147483647;
			files = (
				F2F3C80F2840F8A00097043C /* LaunchScreen.storyboard in Resources */,
				F2F3C80C2840F8A00097043C /* Assets.xcassets in Resources */,
				F2F3C8072840F89D0097043C /* Main.storyboard in Resources */,
			);
			runOnlyForDeploymentPostprocessing = 0;
		};
		F2F3C8132840F8A00097043C /* Resources */ = {
			isa = PBXResourcesBuildPhase;
			buildActionMask = 2147483647;
			files = (
			);
			runOnlyForDeploymentPostprocessing = 0;
		};
		F2F3C81D2840F8A00097043C /* Resources */ = {
			isa = PBXResourcesBuildPhase;
			buildActionMask = 2147483647;
			files = (
			);
			runOnlyForDeploymentPostprocessing = 0;
		};
/* End PBXResourcesBuildPhase section */

/* Begin PBXSourcesBuildPhase section */
		F2F3C7F82840F89D0097043C /* Sources */ = {
			isa = PBXSourcesBuildPhase;
			buildActionMask = 2147483647;
			files = (
				F2F3C8042840F89D0097043C /* ViewController.swift in Sources */,
				F2F3C80A2840F89D0097043C /* Act3Grupal.xcdatamodeld in Sources */,
				F2F3C8002840F89D0097043C /* AppDelegate.swift in Sources */,
				F2F3C8022840F89D0097043C /* SceneDelegate.swift in Sources */,
			);
			runOnlyForDeploymentPostprocessing = 0;
		};
		F2F3C8112840F8A00097043C /* Sources */ = {
			isa = PBXSourcesBuildPhase;
			buildActionMask = 2147483647;
			files = (
				F2F3C81A2840F8A00097043C /* Act3GrupalTests.swift in Sources */,
			);
			runOnlyForDeploymentPostprocessing = 0;
		};
		F2F3C81B2840F8A00097043C /* Sources */ = {
			isa = PBXSourcesBuildPhase;
			buildActionMask = 2147483647;
			files = (
				F2F3C8262840F8A00097043C /* Act3GrupalUITestsLaunchTests.swift in Sources */,
				F2F3C8242840F8A00097043C /* Act3GrupalUITests.swift in Sources */,
			);
			runOnlyForDeploymentPostprocessing = 0;
		};
/* End PBXSourcesBuildPhase section */

/* Begin PBXTargetDependency section */
		F2F3C8172840F8A00097043C /* PBXTargetDependency */ = {
			isa = PBXTargetDependency;
			target = F2F3C7FB2840F89D0097043C /* Act3Grupal */;
			targetProxy = F2F3C8162840F8A00097043C /* PBXContainerItemProxy */;
		};
		F2F3C8212840F8A00097043C /* PBXTargetDependency */ = {
			isa = PBXTargetDependency;
			target = F2F3C7FB2840F89D0097043C /* Act3Grupal */;
			targetProxy = F2F3C8202840F8A00097043C /* PBXContainerItemProxy */;
		};
/* End PBXTargetDependency section */

/* Begin PBXVariantGroup section */
		F2F3C8052840F89D0097043C /* Main.storyboard */ = {
			isa = PBXVariantGroup;
			children = (
				F2F3C8062840F89D0097043C /* Base */,
			);
			name = Main.storyboard;
			sourceTree = "<group>";
		};
		F2F3C80D2840F8A00097043C /* LaunchScreen.storyboard */ = {
			isa = PBXVariantGroup;
			children = (
				F2F3C80E2840F8A00097043C /* Base */,
			);
			name = LaunchScreen.storyboard;
			sourceTree = "<group>";
		};
/* End PBXVariantGroup section */

/* Begin XCBuildConfiguration section */
		F2F3C8272840F8A00097043C /* Debug */ = {
			isa = XCBuildConfiguration;
			buildSettings = {
				ALWAYS_SEARCH_USER_PATHS = NO;
				CLANG_ANALYZER_NONNULL = YES;
				CLANG_ANALYZER_NUMBER_OBJECT_CONVERSION = YES_AGGRESSIVE;
				CLANG_CXX_LANGUAGE_STANDARD = "gnu++17";
				CLANG_ENABLE_MODULES = YES;
				CLANG_ENABLE_OBJC_ARC = YES;
				CLANG_ENABLE_OBJC_WEAK = YES;
				CLANG_WARN_BLOCK_CAPTURE_AUTORELEASING = YES;
				CLANG_WARN_BOOL_CONVERSION = YES;
				CLANG_WARN_COMMA = YES;
				CLANG_WARN_CONSTANT_CONVERSION = YES;
				CLANG_WARN_DEPRECATED_OBJC_IMPLEMENTATIONS = YES;
				CLANG_WARN_DIRECT_OBJC_ISA_USAGE = YES_ERROR;
				CLANG_WARN_DOCUMENTATION_COMMENTS = YES;
				CLANG_WARN_EMPTY_BODY = YES;
				CLANG_WARN_ENUM_CONVERSION = YES;
				CLANG_WARN_INFINITE_RECURSION = YES;
				CLANG_WARN_INT_CONVERSION = YES;
				CLANG_WARN_NON_LITERAL_NULL_CONVERSION = YES;
				CLANG_WARN_OBJC_IMPLICIT_RETAIN_SELF = YES;
				CLANG_WARN_OBJC_LITERAL_CONVERSION = YES;
				CLANG_WARN_OBJC_ROOT_CLASS = YES_ERROR;
				CLANG_WARN_QUOTED_INCLUDE_IN_FRAMEWORK_HEADER = YES;
				CLANG_WARN_RANGE_LOOP_ANALYSIS = YES;
				CLANG_WARN_STRICT_PROTOTYPES = YES;
				CLANG_WARN_SUSPICIOUS_MOVE = YES;
				CLANG_WARN_UNGUARDED_AVAILABILITY = YES_AGGRESSIVE;
				CLANG_WARN_UNREACHABLE_CODE = YES;
				CLANG_WARN__DUPLICATE_METHOD_MATCH = YES;
				COPY_PHASE_STRIP = NO;
				DEBUG_INFORMATION_FORMAT = dwarf;
				ENABLE_STRICT_OBJC_MSGSEND = YES;
				ENABLE_TESTABILITY = YES;
				GCC_C_LANGUAGE_STANDARD = gnu11;
				GCC_DYNAMIC_NO_PIC = NO;
				GCC_NO_COMMON_BLOCKS = YES;
				GCC_OPTIMIZATION_LEVEL = 0;
				GCC_PREPROCESSOR_DEFINITIONS = (
					"DEBUG=1",
					"$(inherited)",
				);
				GCC_WARN_64_TO_32_BIT_CONVERSION = YES;
				GCC_WARN_ABOUT_RETURN_TYPE = YES_ERROR;
				GCC_WARN_UNDECLARED_SELECTOR = YES;
				GCC_WARN_UNINITIALIZED_AUTOS = YES_AGGRESSIVE;
				GCC_WARN_UNUSED_FUNCTION = YES;
				GCC_WARN_UNUSED_VARIABLE = YES;
				IPHONEOS_DEPLOYMENT_TARGET = 15.4;
				MTL_ENABLE_DEBUG_INFO = INCLUDE_SOURCE;
				MTL_FAST_MATH = YES;
				ONLY_ACTIVE_ARCH = YES;
				SDKROOT = iphoneos;
				SWIFT_ACTIVE_COMPILATION_CONDITIONS = DEBUG;
				SWIFT_OPTIMIZATION_LEVEL = "-Onone";
			};
			name = Debug;
		};
		F2F3C8282840F8A00097043C /* Release */ = {
			isa = XCBuildConfiguration;
			buildSettings = {
				ALWAYS_SEARCH_USER_PATHS = NO;
				CLANG_ANALYZER_NONNULL = YES;
				CLANG_ANALYZER_NUMBER_OBJECT_CONVERSION = YES_AGGRESSIVE;
				CLANG_CXX_LANGUAGE_STANDARD = "gnu++17";
				CLANG_ENABLE_MODULES = YES;
				CLANG_ENABLE_OBJC_ARC = YES;
				CLANG_ENABLE_OBJC_WEAK = YES;
				CLANG_WARN_BLOCK_CAPTURE_AUTORELEASING = YES;
				CLANG_WARN_BOOL_CONVERSION = YES;
				CLANG_WARN_COMMA = YES;
				CLANG_WARN_CONSTANT_CONVERSION = YES;
				CLANG_WARN_DEPRECATED_OBJC_IMPLEMENTATIONS = YES;
				CLANG_WARN_DIRECT_OBJC_ISA_USAGE = YES_ERROR;
				CLANG_WARN_DOCUMENTATION_COMMENTS = YES;
				CLANG_WARN_EMPTY_BODY = YES;
				CLANG_WARN_ENUM_CONVERSION = YES;
				CLANG_WARN_INFINITE_RECURSION = YES;
				CLANG_WARN_INT_CONVERSION = YES;
				CLANG_WARN_NON_LITERAL_NULL_CONVERSION = YES;
				CLANG_WARN_OBJC_IMPLICIT_RETAIN_SELF = YES;
				CLANG_WARN_OBJC_LITERAL_CONVERSION = YES;
				CLANG_WARN_OBJC_ROOT_CLASS = YES_ERROR;
				CLANG_WARN_QUOTED_INCLUDE_IN_FRAMEWORK_HEADER = YES;
				CLANG_WARN_RANGE_LOOP_ANALYSIS = YES;
				CLANG_WARN_STRICT_PROTOTYPES = YES;
				CLANG_WARN_SUSPICIOUS_MOVE = YES;
				CLANG_WARN_UNGUARDED_AVAILABILITY = YES_AGGRESSIVE;
				CLANG_WARN_UNREACHABLE_CODE = YES;
				CLANG_WARN__DUPLICATE_METHOD_MATCH = YES;
				COPY_PHASE_STRIP = NO;
				DEBUG_INFORMATION_FORMAT = "dwarf-with-dsym";
				ENABLE_NS_ASSERTIONS = NO;
				ENABLE_STRICT_OBJC_MSGSEND = YES;
				GCC_C_LANGUAGE_STANDARD = gnu11;
				GCC_NO_COMMON_BLOCKS = YES;
				GCC_WARN_64_TO_32_BIT_CONVERSION = YES;
				GCC_WARN_ABOUT_RETURN_TYPE = YES_ERROR;
				GCC_WARN_UNDECLARED_SELECTOR = YES;
				GCC_WARN_UNINITIALIZED_AUTOS = YES_AGGRESSIVE;
				GCC_WARN_UNUSED_FUNCTION = YES;
				GCC_WARN_UNUSED_VARIABLE = YES;
				IPHONEOS_DEPLOYMENT_TARGET = 15.4;
				MTL_ENABLE_DEBUG_INFO = NO;
				MTL_FAST_MATH = YES;
				SDKROOT = iphoneos;
				SWIFT_COMPILATION_MODE = wholemodule;
				SWIFT_OPTIMIZATION_LEVEL = "-O";
				VALIDATE_PRODUCT = YES;
			};
			name = Release;
		};
		F2F3C82A2840F8A00097043C /* Debug */ = {
			isa = XCBuildConfiguration;
			buildSettings = {
				ASSETCATALOG_COMPILER_APPICON_NAME = AppIcon;
				ASSETCATALOG_COMPILER_GLOBAL_ACCENT_COLOR_NAME = AccentColor;
				CODE_SIGN_STYLE = Automatic;
				CURRENT_PROJECT_VERSION = 1;
				DEVELOPMENT_TEAM = 8TJ37HRL5S;
				GENERATE_INFOPLIST_FILE = YES;
				INFOPLIST_FILE = Act3Grupal/Info.plist;
				INFOPLIST_KEY_UIApplicationSupportsIndirectInputEvents = YES;
				INFOPLIST_KEY_UILaunchStoryboardName = LaunchScreen;
				INFOPLIST_KEY_UIMainStoryboardFile = Main;
				INFOPLIST_KEY_UISupportedInterfaceOrientations_iPad = "UIInterfaceOrientationPortrait UIInterfaceOrientationPortraitUpsideDown UIInterfaceOrientationLandscapeLeft UIInterfaceOrientationLandscapeRight";
				INFOPLIST_KEY_UISupportedInterfaceOrientations_iPhone = "UIInterfaceOrientationPortrait UIInterfaceOrientationLandscapeLeft UIInterfaceOrientationLandscapeRight";
				LD_RUNPATH_SEARCH_PATHS = (
					"$(inherited)",
					"@executable_path/Frameworks",
				);
				MARKETING_VERSION = 1.0;
				PRODUCT_BUNDLE_IDENTIFIER = mantas.jakstas.Act3Grupal;
				PRODUCT_NAME = "$(TARGET_NAME)";
				SWIFT_EMIT_LOC_STRINGS = YES;
				SWIFT_VERSION = 5.0;
				TARGETED_DEVICE_FAMILY = "1,2";
			};
			name = Debug;
		};
		F2F3C82B2840F8A00097043C /* Release */ = {
			isa = XCBuildConfiguration;
			buildSettings = {
				ASSETCATALOG_COMPILER_APPICON_NAME = AppIcon;
				ASSETCATALOG_COMPILER_GLOBAL_ACCENT_COLOR_NAME = AccentColor;
				CODE_SIGN_STYLE = Automatic;
				CURRENT_PROJECT_VERSION = 1;
				DEVELOPMENT_TEAM = 8TJ37HRL5S;
				GENERATE_INFOPLIST_FILE = YES;
				INFOPLIST_FILE = Act3Grupal/Info.plist;
				INFOPLIST_KEY_UIApplicationSupportsIndirectInputEvents = YES;
				INFOPLIST_KEY_UILaunchStoryboardName = LaunchScreen;
				INFOPLIST_KEY_UIMainStoryboardFile = Main;
				INFOPLIST_KEY_UISupportedInterfaceOrientations_iPad = "UIInterfaceOrientationPortrait UIInterfaceOrientationPortraitUpsideDown UIInterfaceOrientationLandscapeLeft UIInterfaceOrientationLandscapeRight";
				INFOPLIST_KEY_UISupportedInterfaceOrientations_iPhone = "UIInterfaceOrientationPortrait UIInterfaceOrientationLandscapeLeft UIInterfaceOrientationLandscapeRight";
				LD_RUNPATH_SEARCH_PATHS = (
					"$(inherited)",
					"@executable_path/Frameworks",
				);
				MARKETING_VERSION = 1.0;
				PRODUCT_BUNDLE_IDENTIFIER = mantas.jakstas.Act3Grupal;
				PRODUCT_NAME = "$(TARGET_NAME)";
				SWIFT_EMIT_LOC_STRINGS = YES;
				SWIFT_VERSION = 5.0;
				TARGETED_DEVICE_FAMILY = "1,2";
			};
			name = Release;
		};
		F2F3C82D2840F8A00097043C /* Debug */ = {
			isa = XCBuildConfiguration;
			buildSettings = {
				ALWAYS_EMBED_SWIFT_STANDARD_LIBRARIES = YES;
				BUNDLE_LOADER = "$(TEST_HOST)";
				CODE_SIGN_STYLE = Automatic;
				CURRENT_PROJECT_VERSION = 1;
				DEVELOPMENT_TEAM = 8TJ37HRL5S;
				GENERATE_INFOPLIST_FILE = YES;
				IPHONEOS_DEPLOYMENT_TARGET = 15.4;
				MARKETING_VERSION = 1.0;
				PRODUCT_BUNDLE_IDENTIFIER = mantas.jakstas.Act3GrupalTests;
				PRODUCT_NAME = "$(TARGET_NAME)";
				SWIFT_EMIT_LOC_STRINGS = NO;
				SWIFT_VERSION = 5.0;
				TARGETED_DEVICE_FAMILY = "1,2";
				TEST_HOST = "$(BUILT_PRODUCTS_DIR)/Act3Grupal.app/Act3Grupal";
			};
			name = Debug;
		};
		F2F3C82E2840F8A00097043C /* Release */ = {
			isa = XCBuildConfiguration;
			buildSettings = {
				ALWAYS_EMBED_SWIFT_STANDARD_LIBRARIES = YES;
				BUNDLE_LOADER = "$(TEST_HOST)";
				CODE_SIGN_STYLE = Automatic;
				CURRENT_PROJECT_VERSION = 1;
				DEVELOPMENT_TEAM = 8TJ37HRL5S;
				GENERATE_INFOPLIST_FILE = YES;
				IPHONEOS_DEPLOYMENT_TARGET = 15.4;
				MARKETING_VERSION = 1.0;
				PRODUCT_BUNDLE_IDENTIFIER = mantas.jakstas.Act3GrupalTests;
				PRODUCT_NAME = "$(TARGET_NAME)";
				SWIFT_EMIT_LOC_STRINGS = NO;
				SWIFT_VERSION = 5.0;
				TARGETED_DEVICE_FAMILY = "1,2";
				TEST_HOST = "$(BUILT_PRODUCTS_DIR)/Act3Grupal.app/Act3Grupal";
			};
			name = Release;
		};
		F2F3C8302840F8A00097043C /* Debug */ = {
			isa = XCBuildConfiguration;
			buildSettings = {
				ALWAYS_EMBED_SWIFT_STANDARD_LIBRARIES = YES;
				CODE_SIGN_STYLE = Automatic;
				CURRENT_PROJECT_VERSION = 1;
				DEVELOPMENT_TEAM = 8TJ37HRL5S;
				GENERATE_INFOPLIST_FILE = YES;
				MARKETING_VERSION = 1.0;
				PRODUCT_BUNDLE_IDENTIFIER = mantas.jakstas.Act3GrupalUITests;
				PRODUCT_NAME = "$(TARGET_NAME)";
				SWIFT_EMIT_LOC_STRINGS = NO;
				SWIFT_VERSION = 5.0;
				TARGETED_DEVICE_FAMILY = "1,2";
				TEST_TARGET_NAME = Act3Grupal;
			};
			name = Debug;
		};
		F2F3C8312840F8A00097043C /* Release */ = {
			isa = XCBuildConfiguration;
			buildSettings = {
				ALWAYS_EMBED_SWIFT_STANDARD_LIBRARIES = YES;
				CODE_SIGN_STYLE = Automatic;
				CURRENT_PROJECT_VERSION = 1;
				DEVELOPMENT_TEAM = 8TJ37HRL5S;
				GENERATE_INFOPLIST_FILE = YES;
				MARKETING_VERSION = 1.0;
				PRODUCT_BUNDLE_IDENTIFIER = mantas.jakstas.Act3GrupalUITests;
				PRODUCT_NAME = "$(TARGET_NAME)";
				SWIFT_EMIT_LOC_STRINGS = NO;
				SWIFT_VERSION = 5.0;
				TARGETED_DEVICE_FAMILY = "1,2";
				TEST_TARGET_NAME = Act3Grupal;
			};
			name = Release;
		};
/* End XCBuildConfiguration section */

/* Begin XCConfigurationList section */
		F2F3C7F72840F89D0097043C /* Build configuration list for PBXProject "Act3Grupal" */ = {
			isa = XCConfigurationList;
			buildConfigurations = (
				F2F3C8272840F8A00097043C /* Debug */,
				F2F3C8282840F8A00097043C /* Release */,
			);
			defaultConfigurationIsVisible = 0;
			defaultConfigurationName = Release;
		};
		F2F3C8292840F8A00097043C /* Build configuration list for PBXNativeTarget "Act3Grupal" */ = {
			isa = XCConfigurationList;
			buildConfigurations = (
				F2F3C82A2840F8A00097043C /* Debug */,
				F2F3C82B2840F8A00097043C /* Release */,
			);
			defaultConfigurationIsVisible = 0;
			defaultConfigurationName = Release;
		};
		F2F3C82C2840F8A00097043C /* Build configuration list for PBXNativeTarget "Act3GrupalTests" */ = {
			isa = XCConfigurationList;
			buildConfigurations = (
				F2F3C82D2840F8A00097043C /* Debug */,
				F2F3C82E2840F8A00097043C /* Release */,
			);
			defaultConfigurationIsVisible = 0;
			defaultConfigurationName = Release;
		};
		F2F3C82F2840F8A00097043C /* Build configuration list for PBXNativeTarget "Act3GrupalUITests" */ = {
			isa = XCConfigurationList;
			buildConfigurations = (
				F2F3C8302840F8A00097043C /* Debug */,
				F2F3C8312840F8A00097043C /* Release */,
			);
			defaultConfigurationIsVisible = 0;
			defaultConfigurationName = Release;
		};
/* End XCConfigurationList section */

/* Begin XCVersionGroup section */
		F2F3C8082840F89D0097043C /* Act3Grupal.xcdatamodeld */ = {
			isa = XCVersionGroup;
			children = (
				F2F3C8092840F89D0097043C /* Act3Grupal.xcdatamodel */,
			);
			currentVersion = F2F3C8092840F89D0097043C /* Act3Grupal.xcdatamodel */;
			path = Act3Grupal.xcdatamodeld;
			sourceTree = "<group>";
			versionGroupType = wrapper.xcdatamodel;
		};
/* End XCVersionGroup section */
	};
	rootObject = F2F3C7F42840F89D0097043C /* Project object */;
}
